
Microsoft Visual Studio Solution File, Format Version 12.00
# Visual Studio 15
VisualStudioVersion = 15.0.27703.2042
MinimumVisualStudioVersion = 10.0.40219.1
Project("{2150E333-8FDC-42A3-9474-1A3956D46DE8}") = "Rectangle", "Rectangle", "{F40AB570-62EA-4BF0-A05E-23091995BCDC}"
EndProject
Project("{F184B08F-C81C-45F6-A57F-5ABD9991F28F}") = "RectangleMath", "RectangleExtruder\RectangleMath.vbproj", "{A08D94DC-56CA-4F79-B0CB-820A5EA50FFC}"
EndProject
Project("{F184B08F-C81C-45F6-A57F-5ABD9991F28F}") = "RectangleViewer", "RectangleViewer\RectangleViewer.vbproj", "{554C64D0-B9BA-4E7E-A061-5876E47991B6}"
EndProject
Project("{F184B08F-C81C-45F6-A57F-5ABD9991F28F}") = "MyRectangle", "MyRectangle\MyRectangle.vbproj", "{2C098CFB-73FE-49AE-8AB3-B13B96A05E9A}"
EndProject
Project("{2150E333-8FDC-42A3-9474-1A3956D46DE8}") = "Modem", "Modem", "{51254DE6-B9F5-4F7C-9F52-CE474D138580}"
EndProject
Project("{F184B08F-C81C-45F6-A57F-5ABD9991F28F}") = "Modem", "Modem\Modem.vbproj", "{D8B1821B-E2E5-4A5E-AE45-D40B7C569DFF}"
EndProject
Project("{2150E333-8FDC-42A3-9474-1A3956D46DE8}") = "Employee", "Employee", "{E800C00E-F982-4B2D-99F2-D5C5EFA70004}"
EndProject
Project("{F184B08F-C81C-45F6-A57F-5ABD9991F28F}") = "Employee", "Employee\Employee.vbproj", "{AD469B02-C340-4711-837C-09BFEDD0219B}"
EndProject
Project("{2150E333-8FDC-42A3-9474-1A3956D46DE8}") = "SingleResponsibilityPrinciple", "SingleResponsibilityPrinciple", "{366BDFA7-CCBB-4E4D-9648-2E78E29ED097}"
EndProject
Project("{2150E333-8FDC-42A3-9474-1A3956D46DE8}") = "Bad", "Bad", "{F9B59EAB-8FFB-40A6-8BA5-4BBB9DBF18BF}"
EndProject
Project("{2150E333-8FDC-42A3-9474-1A3956D46DE8}") = "Good", "Good", "{1D0A06D7-2BC5-448D-89AE-9A90576335B7}"
EndProject
Project("{F184B08F-C81C-45F6-A57F-5ABD9991F28F}") = "EmployeeRefactored", "EmployeeRefactored\EmployeeRefactored.vbproj", "{3FE9A973-8930-4943-BEAE-347623A3F7E9}"
EndProject
Project("{2150E333-8FDC-42A3-9474-1A3956D46DE8}") = "OpenClosedPrinciple", "OpenClosedPrinciple", "{C2BCD67F-EAC7-4901-AE15-121974432A35}"
EndProject
Project("{F184B08F-C81C-45F6-A57F-5ABD9991F28F}") = "Cars", "Cars\Cars.vbproj", "{FC387AAF-43B5-4812-A87B-05A6782112B0}"
EndProject
Project("{2150E333-8FDC-42A3-9474-1A3956D46DE8}") = "Cars", "Cars", "{C30C84B7-7FC1-40F4-8596-175A67DE2E16}"
EndProject
Project("{2150E333-8FDC-42A3-9474-1A3956D46DE8}") = "LiskovSubstitutionPrinciple", "LiskovSubstitutionPrinciple", "{3BE0A778-1451-4A60-93B8-3062CC0922E1}"
EndProject
Project("{2150E333-8FDC-42A3-9474-1A3956D46DE8}") = "Animals", "Animals", "{377FF412-3B7C-4765-B6D8-7DA5B51CFBC1}"
EndProject
Project("{F184B08F-C81C-45F6-A57F-5ABD9991F28F}") = "Animals", "Animals\Animals.vbproj", "{2F7619A9-B96E-4A55-8E50-50917C6EE7EF}"
EndProject
Project("{F184B08F-C81C-45F6-A57F-5ABD9991F28F}") = "AnimalsTest", "AnimalsTest\AnimalsTest.vbproj", "{A08FB0F5-E48E-4546-B37E-D6F677A0AED1}"
EndProject
Project("{2150E333-8FDC-42A3-9474-1A3956D46DE8}") = "InterfaceSegregationPrinciple", "InterfaceSegregationPrinciple", "{1944646F-07E9-4C27-966A-421B590EA774}"
EndProject
Project("{2150E333-8FDC-42A3-9474-1A3956D46DE8}") = "ATM", "ATM", "{C9A129C3-B883-4471-996E-9E3415E1CAF6}"
EndProject
Project("{F184B08F-C81C-45F6-A57F-5ABD9991F28F}") = "ATM", "ATM\ATM.vbproj", "{F13277C4-A127-4106-AB46-4B0FA4E1A0D8}"
EndProject
Project("{F184B08F-C81C-45F6-A57F-5ABD9991F28F}") = "ATMRefactored", "ATMRefactored\ATMRefactored.vbproj", "{3C1F4BDC-2E97-47E0-848C-903223BBED8B}"
EndProject
Global
	GlobalSection(SolutionConfigurationPlatforms) = preSolution
		Debug|Any CPU = Debug|Any CPU
		Release|Any CPU = Release|Any CPU
	EndGlobalSection
	GlobalSection(ProjectConfigurationPlatforms) = postSolution
		{A08D94DC-56CA-4F79-B0CB-820A5EA50FFC}.Debug|Any CPU.ActiveCfg = Debug|Any CPU
		{A08D94DC-56CA-4F79-B0CB-820A5EA50FFC}.Debug|Any CPU.Build.0 = Debug|Any CPU
		{A08D94DC-56CA-4F79-B0CB-820A5EA50FFC}.Release|Any CPU.ActiveCfg = Release|Any CPU
		{A08D94DC-56CA-4F79-B0CB-820A5EA50FFC}.Release|Any CPU.Build.0 = Release|Any CPU
		{554C64D0-B9BA-4E7E-A061-5876E47991B6}.Debug|Any CPU.ActiveCfg = Debug|Any CPU
		{554C64D0-B9BA-4E7E-A061-5876E47991B6}.Debug|Any CPU.Build.0 = Debug|Any CPU
		{554C64D0-B9BA-4E7E-A061-5876E47991B6}.Release|Any CPU.ActiveCfg = Release|Any CPU
		{554C64D0-B9BA-4E7E-A061-5876E47991B6}.Release|Any CPU.Build.0 = Release|Any CPU
		{2C098CFB-73FE-49AE-8AB3-B13B96A05E9A}.Debug|Any CPU.ActiveCfg = Debug|Any CPU
		{2C098CFB-73FE-49AE-8AB3-B13B96A05E9A}.Debug|Any CPU.Build.0 = Debug|Any CPU
		{2C098CFB-73FE-49AE-8AB3-B13B96A05E9A}.Release|Any CPU.ActiveCfg = Release|Any CPU
		{2C098CFB-73FE-49AE-8AB3-B13B96A05E9A}.Release|Any CPU.Build.0 = Release|Any CPU
		{D8B1821B-E2E5-4A5E-AE45-D40B7C569DFF}.Debug|Any CPU.ActiveCfg = Debug|Any CPU
		{D8B1821B-E2E5-4A5E-AE45-D40B7C569DFF}.Debug|Any CPU.Build.0 = Debug|Any CPU
		{D8B1821B-E2E5-4A5E-AE45-D40B7C569DFF}.Release|Any CPU.ActiveCfg = Release|Any CPU
		{D8B1821B-E2E5-4A5E-AE45-D40B7C569DFF}.Release|Any CPU.Build.0 = Release|Any CPU
		{AD469B02-C340-4711-837C-09BFEDD0219B}.Debug|Any CPU.ActiveCfg = Debug|Any CPU
		{AD469B02-C340-4711-837C-09BFEDD0219B}.Debug|Any CPU.Build.0 = Debug|Any CPU
		{AD469B02-C340-4711-837C-09BFEDD0219B}.Release|Any CPU.ActiveCfg = Release|Any CPU
		{AD469B02-C340-4711-837C-09BFEDD0219B}.Release|Any CPU.Build.0 = Release|Any CPU
		{3FE9A973-8930-4943-BEAE-347623A3F7E9}.Debug|Any CPU.ActiveCfg = Debug|Any CPU
		{3FE9A973-8930-4943-BEAE-347623A3F7E9}.Debug|Any CPU.Build.0 = Debug|Any CPU
		{3FE9A973-8930-4943-BEAE-347623A3F7E9}.Release|Any CPU.ActiveCfg = Release|Any CPU
		{3FE9A973-8930-4943-BEAE-347623A3F7E9}.Release|Any CPU.Build.0 = Release|Any CPU
		{FC387AAF-43B5-4812-A87B-05A6782112B0}.Debug|Any CPU.ActiveCfg = Debug|Any CPU
		{FC387AAF-43B5-4812-A87B-05A6782112B0}.Debug|Any CPU.Build.0 = Debug|Any CPU
		{FC387AAF-43B5-4812-A87B-05A6782112B0}.Release|Any CPU.ActiveCfg = Release|Any CPU
		{FC387AAF-43B5-4812-A87B-05A6782112B0}.Release|Any CPU.Build.0 = Release|Any CPU
		{2F7619A9-B96E-4A55-8E50-50917C6EE7EF}.Debug|Any CPU.ActiveCfg = Debug|Any CPU
		{2F7619A9-B96E-4A55-8E50-50917C6EE7EF}.Debug|Any CPU.Build.0 = Debug|Any CPU
		{2F7619A9-B96E-4A55-8E50-50917C6EE7EF}.Release|Any CPU.ActiveCfg = Release|Any CPU
		{2F7619A9-B96E-4A55-8E50-50917C6EE7EF}.Release|Any CPU.Build.0 = Release|Any CPU
		{A08FB0F5-E48E-4546-B37E-D6F677A0AED1}.Debug|Any CPU.ActiveCfg = Debug|Any CPU
		{A08FB0F5-E48E-4546-B37E-D6F677A0AED1}.Debug|Any CPU.Build.0 = Debug|Any CPU
		{A08FB0F5-E48E-4546-B37E-D6F677A0AED1}.Release|Any CPU.ActiveCfg = Release|Any CPU
		{A08FB0F5-E48E-4546-B37E-D6F677A0AED1}.Release|Any CPU.Build.0 = Release|Any CPU
		{F13277C4-A127-4106-AB46-4B0FA4E1A0D8}.Debug|Any CPU.ActiveCfg = Debug|Any CPU
		{F13277C4-A127-4106-AB46-4B0FA4E1A0D8}.Debug|Any CPU.Build.0 = Debug|Any CPU
		{F13277C4-A127-4106-AB46-4B0FA4E1A0D8}.Release|Any CPU.ActiveCfg = Release|Any CPU
		{F13277C4-A127-4106-AB46-4B0FA4E1A0D8}.Release|Any CPU.Build.0 = Release|Any CPU
		{3C1F4BDC-2E97-47E0-848C-903223BBED8B}.Debug|Any CPU.ActiveCfg = Debug|Any CPU
		{3C1F4BDC-2E97-47E0-848C-903223BBED8B}.Debug|Any CPU.Build.0 = Debug|Any CPU
		{3C1F4BDC-2E97-47E0-848C-903223BBED8B}.Release|Any CPU.ActiveCfg = Release|Any CPU
		{3C1F4BDC-2E97-47E0-848C-903223BBED8B}.Release|Any CPU.Build.0 = Release|Any CPU
	EndGlobalSection
	GlobalSection(SolutionProperties) = preSolution
		HideSolutionNode = FALSE
	EndGlobalSection
	GlobalSection(NestedProjects) = preSolution
		{F40AB570-62EA-4BF0-A05E-23091995BCDC} = {366BDFA7-CCBB-4E4D-9648-2E78E29ED097}
		{A08D94DC-56CA-4F79-B0CB-820A5EA50FFC} = {F40AB570-62EA-4BF0-A05E-23091995BCDC}
		{554C64D0-B9BA-4E7E-A061-5876E47991B6} = {F40AB570-62EA-4BF0-A05E-23091995BCDC}
		{2C098CFB-73FE-49AE-8AB3-B13B96A05E9A} = {F40AB570-62EA-4BF0-A05E-23091995BCDC}
		{51254DE6-B9F5-4F7C-9F52-CE474D138580} = {366BDFA7-CCBB-4E4D-9648-2E78E29ED097}
		{D8B1821B-E2E5-4A5E-AE45-D40B7C569DFF} = {51254DE6-B9F5-4F7C-9F52-CE474D138580}
		{E800C00E-F982-4B2D-99F2-D5C5EFA70004} = {366BDFA7-CCBB-4E4D-9648-2E78E29ED097}
		{AD469B02-C340-4711-837C-09BFEDD0219B} = {F9B59EAB-8FFB-40A6-8BA5-4BBB9DBF18BF}
		{F9B59EAB-8FFB-40A6-8BA5-4BBB9DBF18BF} = {E800C00E-F982-4B2D-99F2-D5C5EFA70004}
		{1D0A06D7-2BC5-448D-89AE-9A90576335B7} = {E800C00E-F982-4B2D-99F2-D5C5EFA70004}
		{3FE9A973-8930-4943-BEAE-347623A3F7E9} = {1D0A06D7-2BC5-448D-89AE-9A90576335B7}
		{FC387AAF-43B5-4812-A87B-05A6782112B0} = {C30C84B7-7FC1-40F4-8596-175A67DE2E16}
		{C30C84B7-7FC1-40F4-8596-175A67DE2E16} = {C2BCD67F-EAC7-4901-AE15-121974432A35}
		{377FF412-3B7C-4765-B6D8-7DA5B51CFBC1} = {3BE0A778-1451-4A60-93B8-3062CC0922E1}
		{2F7619A9-B96E-4A55-8E50-50917C6EE7EF} = {377FF412-3B7C-4765-B6D8-7DA5B51CFBC1}
		{A08FB0F5-E48E-4546-B37E-D6F677A0AED1} = {377FF412-3B7C-4765-B6D8-7DA5B51CFBC1}
		{C9A129C3-B883-4471-996E-9E3415E1CAF6} = {1944646F-07E9-4C27-966A-421B590EA774}
		{F13277C4-A127-4106-AB46-4B0FA4E1A0D8} = {C9A129C3-B883-4471-996E-9E3415E1CAF6}
		{3C1F4BDC-2E97-47E0-848C-903223BBED8B} = {C9A129C3-B883-4471-996E-9E3415E1CAF6}
	EndGlobalSection
	GlobalSection(ExtensibilityGlobals) = postSolution
		SolutionGuid = {4F74D67E-49E3-40C4-8D48-1F3379E8291F}
	EndGlobalSection
EndGlobal
