
Microsoft Visual Studio Solution File, Format Version 12.00
# Visual Studio 15
VisualStudioVersion = 15.0.27703.2042
MinimumVisualStudioVersion = 10.0.40219.1
Project("{2150E333-8FDC-42A3-9474-1A3956D46DE8}") = "Rectangle", "Rectangle", "{F40AB570-62EA-4BF0-A05E-23091995BCDC}"
EndProject
Project("{F184B08F-C81C-45F6-A57F-5ABD9991F28F}") = "RectangleMath", "RectangleExtruder\RectangleMath.vbproj", "{A08D94DC-56CA-4F79-B0CB-820A5EA50FFC}"
EndProject
Project("{F184B08F-C81C-45F6-A57F-5ABD9991F28F}") = "RectangleViewer", "RectangleViewer\RectangleViewer.vbproj", "{554C64D0-B9BA-4E7E-A061-5876E47991B6}"
EndProject
Project("{F184B08F-C81C-45F6-A57F-5ABD9991F28F}") = "MyRectangle", "MyRectangle\MyRectangle.vbproj", "{2C098CFB-73FE-49AE-8AB3-B13B96A05E9A}"
EndProject
Project("{2150E333-8FDC-42A3-9474-1A3956D46DE8}") = "Modem", "Modem", "{51254DE6-B9F5-4F7C-9F52-CE474D138580}"
EndProject
Project("{F184B08F-C81C-45F6-A57F-5ABD9991F28F}") = "Modem", "Modem\Modem.vbproj", "{D8B1821B-E2E5-4A5E-AE45-D40B7C569DFF}"
EndProject
Project("{2150E333-8FDC-42A3-9474-1A3956D46DE8}") = "Employee", "Employee", "{E800C00E-F982-4B2D-99F2-D5C5EFA70004}"
EndProject
Project("{F184B08F-C81C-45F6-A57F-5ABD9991F28F}") = "Employee", "Employee\Employee.vbproj", "{AD469B02-C340-4711-837C-09BFEDD0219B}"
EndProject
Project("{2150E333-8FDC-42A3-9474-1A3956D46DE8}") = "SingleResponsibilityPrinciple", "SingleResponsibilityPrinciple", "{366BDFA7-CCBB-4E4D-9648-2E78E29ED097}"
EndProject
Project("{2150E333-8FDC-42A3-9474-1A3956D46DE8}") = "Bad", "Bad", "{F9B59EAB-8FFB-40A6-8BA5-4BBB9DBF18BF}"
EndProject
Project("{2150E333-8FDC-42A3-9474-1A3956D46DE8}") = "Good", "Good", "{1D0A06D7-2BC5-448D-89AE-9A90576335B7}"
EndProject
Project("{F184B08F-C81C-45F6-A57F-5ABD9991F28F}") = "EmployeeRefactored", "EmployeeRefactored\EmployeeRefactored.vbproj", "{3FE9A973-8930-4943-BEAE-347623A3F7E9}"
EndProject
Project("{2150E333-8FDC-42A3-9474-1A3956D46DE8}") = "OpenClosedPrinciple", "OpenClosedPrinciple", "{C2BCD67F-EAC7-4901-AE15-121974432A35}"
EndProject
Project("{F184B08F-C81C-45F6-A57F-5ABD9991F28F}") = "Cars", "Cars\Cars.vbproj", "{FC387AAF-43B5-4812-A87B-05A6782112B0}"
EndProject
Project("{2150E333-8FDC-42A3-9474-1A3956D46DE8}") = "Cars", "Cars", "{C30C84B7-7FC1-40F4-8596-175A67DE2E16}"
EndProject
Project("{2150E333-8FDC-42A3-9474-1A3956D46DE8}") = "LiskovSubstitutionPrinciple", "LiskovSubstitutionPrinciple", "{3BE0A778-1451-4A60-93B8-3062CC0922E1}"
EndProject
Project("{2150E333-8FDC-42A3-9474-1A3956D46DE8}") = "Animals", "Animals", "{377FF412-3B7C-4765-B6D8-7DA5B51CFBC1}"
EndProject
Project("{F184B08F-C81C-45F6-A57F-5ABD9991F28F}") = "Animals", "Animals\Animals.vbproj", "{2F7619A9-B96E-4A55-8E50-50917C6EE7EF}"
EndProject
Project("{F184B08F-C81C-45F6-A57F-5ABD9991F28F}") = "AnimalsTest", "AnimalsTest\AnimalsTest.vbproj", "{A08FB0F5-E48E-4546-B37E-D6F677A0AED1}"
EndProject
Project("{2150E333-8FDC-42A3-9474-1A3956D46DE8}") = "InterfaceSegregationPrinciple", "InterfaceSegregationPrinciple", "{1944646F-07E9-4C27-966A-421B590EA774}"
EndProject
Project("{2150E333-8FDC-42A3-9474-1A3956D46DE8}") = "ATM", "ATM", "{C9A129C3-B883-4471-996E-9E3415E1CAF6}"
EndProject
Project("{F184B08F-C81C-45F6-A57F-5ABD9991F28F}") = "ATM", "ATM\ATM.vbproj", "{F13277C4-A127-4106-AB46-4B0FA4E1A0D8}"
EndProject
Project("{F184B08F-C81C-45F6-A57F-5ABD9991F28F}") = "ATMRefactored", "ATMRefactored\ATMRefactored.vbproj", "{3C1F4BDC-2E97-47E0-848C-903223BBED8B}"
EndProject
Project("{2150E333-8FDC-42A3-9474-1A3956D46DE8}") = "DependencyInversionPrinciple", "DependencyInversionPrinciple", "{9F365364-5442-44C0-B300-F05AF53B0BF4}"
EndProject
Project("{F184B08F-C81C-45F6-A57F-5ABD9991F28F}") = "DipExample", "DipExample\DipExample.vbproj", "{4934DBC0-BC69-4A20-A2AE-46B3C3D7652E}"
EndProject
Project("{F184B08F-C81C-45F6-A57F-5ABD9991F28F}") = "DipExampleRefactored", "DipExampleRefactored\DipExampleRefactored.vbproj", "{BA3F1987-5BE8-4062-A7F0-B637B666F7E7}"
EndProject
Project("{2150E333-8FDC-42A3-9474-1A3956D46DE8}") = "DIPRefactoredFurther", "DIPRefactoredFurther", "{84B16015-3BA6-4561-BAD6-62E011C9C7F8}"
EndProject
Project("{F184B08F-C81C-45F6-A57F-5ABD9991F28F}") = "Business", "Business\Business.vbproj", "{7572A301-2978-41D3-9555-FD22CD3656FA}"
EndProject
Project("{F184B08F-C81C-45F6-A57F-5ABD9991F28F}") = "LowLevel", "LowLevel\LowLevel.vbproj", "{C8112F0F-E052-4A29-BD9D-1925852DFEE2}"
EndProject
Project("{F184B08F-C81C-45F6-A57F-5ABD9991F28F}") = "Application", "Application\Application.vbproj", "{270884B3-CD4B-421D-91F9-4ED472F410A0}"
EndProject
Project("{2150E333-8FDC-42A3-9474-1A3956D46DE8}") = "DIPWithSeveralClients", "DIPWithSeveralClients", "{1F8708C7-3D56-4570-8CA7-13F340E4E130}"
EndProject
Project("{F184B08F-C81C-45F6-A57F-5ABD9991F28F}") = "Application", "DIPWithSeveralClients\Application\Application.vbproj", "{21D2C0F5-9EA7-44BA-A152-AB0993957E53}"
EndProject
Project("{F184B08F-C81C-45F6-A57F-5ABD9991F28F}") = "Business1", "DIPWithSeveralClients\Business\Business1.vbproj", "{92F62785-A37B-44C3-85E1-E7086E4136F0}"
EndProject
Project("{F184B08F-C81C-45F6-A57F-5ABD9991F28F}") = "Business2", "Business2\Business2.vbproj", "{F4EDAA5E-6DB9-4050-B1F0-2717A6E434B0}"
EndProject
Project("{F184B08F-C81C-45F6-A57F-5ABD9991F28F}") = "LowLevel", "DIPWithSeveralClients\LowLevel\LowLevel.vbproj", "{58A00043-CE65-40E9-AFF8-3BF5BB72E77B}"
EndProject
Project("{F184B08F-C81C-45F6-A57F-5ABD9991F28F}") = "LowLevelInterface", "LowLevelInterface\LowLevelInterface.vbproj", "{5C71ACBB-5E86-4732-B400-F72EAE327803}"
EndProject
Global
	GlobalSection(SolutionConfigurationPlatforms) = preSolution
		Debug|Any CPU = Debug|Any CPU
		Release|Any CPU = Release|Any CPU
	EndGlobalSection
	GlobalSection(ProjectConfigurationPlatforms) = postSolution
		{A08D94DC-56CA-4F79-B0CB-820A5EA50FFC}.Debug|Any CPU.ActiveCfg = Debug|Any CPU
		{A08D94DC-56CA-4F79-B0CB-820A5EA50FFC}.Debug|Any CPU.Build.0 = Debug|Any CPU
		{A08D94DC-56CA-4F79-B0CB-820A5EA50FFC}.Release|Any CPU.ActiveCfg = Release|Any CPU
		{A08D94DC-56CA-4F79-B0CB-820A5EA50FFC}.Release|Any CPU.Build.0 = Release|Any CPU
		{554C64D0-B9BA-4E7E-A061-5876E47991B6}.Debug|Any CPU.ActiveCfg = Debug|Any CPU
		{554C64D0-B9BA-4E7E-A061-5876E47991B6}.Debug|Any CPU.Build.0 = Debug|Any CPU
		{554C64D0-B9BA-4E7E-A061-5876E47991B6}.Release|Any CPU.ActiveCfg = Release|Any CPU
		{554C64D0-B9BA-4E7E-A061-5876E47991B6}.Release|Any CPU.Build.0 = Release|Any CPU
		{2C098CFB-73FE-49AE-8AB3-B13B96A05E9A}.Debug|Any CPU.ActiveCfg = Debug|Any CPU
		{2C098CFB-73FE-49AE-8AB3-B13B96A05E9A}.Debug|Any CPU.Build.0 = Debug|Any CPU
		{2C098CFB-73FE-49AE-8AB3-B13B96A05E9A}.Release|Any CPU.ActiveCfg = Release|Any CPU
		{2C098CFB-73FE-49AE-8AB3-B13B96A05E9A}.Release|Any CPU.Build.0 = Release|Any CPU
		{D8B1821B-E2E5-4A5E-AE45-D40B7C569DFF}.Debug|Any CPU.ActiveCfg = Debug|Any CPU
		{D8B1821B-E2E5-4A5E-AE45-D40B7C569DFF}.Debug|Any CPU.Build.0 = Debug|Any CPU
		{D8B1821B-E2E5-4A5E-AE45-D40B7C569DFF}.Release|Any CPU.ActiveCfg = Release|Any CPU
		{D8B1821B-E2E5-4A5E-AE45-D40B7C569DFF}.Release|Any CPU.Build.0 = Release|Any CPU
		{AD469B02-C340-4711-837C-09BFEDD0219B}.Debug|Any CPU.ActiveCfg = Debug|Any CPU
		{AD469B02-C340-4711-837C-09BFEDD0219B}.Debug|Any CPU.Build.0 = Debug|Any CPU
		{AD469B02-C340-4711-837C-09BFEDD0219B}.Release|Any CPU.ActiveCfg = Release|Any CPU
		{AD469B02-C340-4711-837C-09BFEDD0219B}.Release|Any CPU.Build.0 = Release|Any CPU
		{3FE9A973-8930-4943-BEAE-347623A3F7E9}.Debug|Any CPU.ActiveCfg = Debug|Any CPU
		{3FE9A973-8930-4943-BEAE-347623A3F7E9}.Debug|Any CPU.Build.0 = Debug|Any CPU
		{3FE9A973-8930-4943-BEAE-347623A3F7E9}.Release|Any CPU.ActiveCfg = Release|Any CPU
		{3FE9A973-8930-4943-BEAE-347623A3F7E9}.Release|Any CPU.Build.0 = Release|Any CPU
		{FC387AAF-43B5-4812-A87B-05A6782112B0}.Debug|Any CPU.ActiveCfg = Debug|Any CPU
		{FC387AAF-43B5-4812-A87B-05A6782112B0}.Debug|Any CPU.Build.0 = Debug|Any CPU
		{FC387AAF-43B5-4812-A87B-05A6782112B0}.Release|Any CPU.ActiveCfg = Release|Any CPU
		{FC387AAF-43B5-4812-A87B-05A6782112B0}.Release|Any CPU.Build.0 = Release|Any CPU
		{2F7619A9-B96E-4A55-8E50-50917C6EE7EF}.Debug|Any CPU.ActiveCfg = Debug|Any CPU
		{2F7619A9-B96E-4A55-8E50-50917C6EE7EF}.Debug|Any CPU.Build.0 = Debug|Any CPU
		{2F7619A9-B96E-4A55-8E50-50917C6EE7EF}.Release|Any CPU.ActiveCfg = Release|Any CPU
		{2F7619A9-B96E-4A55-8E50-50917C6EE7EF}.Release|Any CPU.Build.0 = Release|Any CPU
		{A08FB0F5-E48E-4546-B37E-D6F677A0AED1}.Debug|Any CPU.ActiveCfg = Debug|Any CPU
		{A08FB0F5-E48E-4546-B37E-D6F677A0AED1}.Debug|Any CPU.Build.0 = Debug|Any CPU
		{A08FB0F5-E48E-4546-B37E-D6F677A0AED1}.Release|Any CPU.ActiveCfg = Release|Any CPU
		{A08FB0F5-E48E-4546-B37E-D6F677A0AED1}.Release|Any CPU.Build.0 = Release|Any CPU
		{F13277C4-A127-4106-AB46-4B0FA4E1A0D8}.Debug|Any CPU.ActiveCfg = Debug|Any CPU
		{F13277C4-A127-4106-AB46-4B0FA4E1A0D8}.Debug|Any CPU.Build.0 = Debug|Any CPU
		{F13277C4-A127-4106-AB46-4B0FA4E1A0D8}.Release|Any CPU.ActiveCfg = Release|Any CPU
		{F13277C4-A127-4106-AB46-4B0FA4E1A0D8}.Release|Any CPU.Build.0 = Release|Any CPU
		{3C1F4BDC-2E97-47E0-848C-903223BBED8B}.Debug|Any CPU.ActiveCfg = Debug|Any CPU
		{3C1F4BDC-2E97-47E0-848C-903223BBED8B}.Debug|Any CPU.Build.0 = Debug|Any CPU
		{3C1F4BDC-2E97-47E0-848C-903223BBED8B}.Release|Any CPU.ActiveCfg = Release|Any CPU
		{3C1F4BDC-2E97-47E0-848C-903223BBED8B}.Release|Any CPU.Build.0 = Release|Any CPU
		{4934DBC0-BC69-4A20-A2AE-46B3C3D7652E}.Debug|Any CPU.ActiveCfg = Debug|Any CPU
		{4934DBC0-BC69-4A20-A2AE-46B3C3D7652E}.Debug|Any CPU.Build.0 = Debug|Any CPU
		{4934DBC0-BC69-4A20-A2AE-46B3C3D7652E}.Release|Any CPU.ActiveCfg = Release|Any CPU
		{4934DBC0-BC69-4A20-A2AE-46B3C3D7652E}.Release|Any CPU.Build.0 = Release|Any CPU
		{BA3F1987-5BE8-4062-A7F0-B637B666F7E7}.Debug|Any CPU.ActiveCfg = Debug|Any CPU
		{BA3F1987-5BE8-4062-A7F0-B637B666F7E7}.Debug|Any CPU.Build.0 = Debug|Any CPU
		{BA3F1987-5BE8-4062-A7F0-B637B666F7E7}.Release|Any CPU.ActiveCfg = Release|Any CPU
		{BA3F1987-5BE8-4062-A7F0-B637B666F7E7}.Release|Any CPU.Build.0 = Release|Any CPU
		{7572A301-2978-41D3-9555-FD22CD3656FA}.Debug|Any CPU.ActiveCfg = Debug|Any CPU
		{7572A301-2978-41D3-9555-FD22CD3656FA}.Debug|Any CPU.Build.0 = Debug|Any CPU
		{7572A301-2978-41D3-9555-FD22CD3656FA}.Release|Any CPU.ActiveCfg = Release|Any CPU
		{7572A301-2978-41D3-9555-FD22CD3656FA}.Release|Any CPU.Build.0 = Release|Any CPU
		{C8112F0F-E052-4A29-BD9D-1925852DFEE2}.Debug|Any CPU.ActiveCfg = Debug|Any CPU
		{C8112F0F-E052-4A29-BD9D-1925852DFEE2}.Debug|Any CPU.Build.0 = Debug|Any CPU
		{C8112F0F-E052-4A29-BD9D-1925852DFEE2}.Release|Any CPU.ActiveCfg = Release|Any CPU
		{C8112F0F-E052-4A29-BD9D-1925852DFEE2}.Release|Any CPU.Build.0 = Release|Any CPU
		{270884B3-CD4B-421D-91F9-4ED472F410A0}.Debug|Any CPU.ActiveCfg = Debug|Any CPU
		{270884B3-CD4B-421D-91F9-4ED472F410A0}.Debug|Any CPU.Build.0 = Debug|Any CPU
		{270884B3-CD4B-421D-91F9-4ED472F410A0}.Release|Any CPU.ActiveCfg = Release|Any CPU
		{270884B3-CD4B-421D-91F9-4ED472F410A0}.Release|Any CPU.Build.0 = Release|Any CPU
		{21D2C0F5-9EA7-44BA-A152-AB0993957E53}.Debug|Any CPU.ActiveCfg = Debug|Any CPU
		{21D2C0F5-9EA7-44BA-A152-AB0993957E53}.Debug|Any CPU.Build.0 = Debug|Any CPU
		{21D2C0F5-9EA7-44BA-A152-AB0993957E53}.Release|Any CPU.ActiveCfg = Release|Any CPU
		{21D2C0F5-9EA7-44BA-A152-AB0993957E53}.Release|Any CPU.Build.0 = Release|Any CPU
		{92F62785-A37B-44C3-85E1-E7086E4136F0}.Debug|Any CPU.ActiveCfg = Debug|Any CPU
		{92F62785-A37B-44C3-85E1-E7086E4136F0}.Debug|Any CPU.Build.0 = Debug|Any CPU
		{92F62785-A37B-44C3-85E1-E7086E4136F0}.Release|Any CPU.ActiveCfg = Release|Any CPU
		{92F62785-A37B-44C3-85E1-E7086E4136F0}.Release|Any CPU.Build.0 = Release|Any CPU
		{F4EDAA5E-6DB9-4050-B1F0-2717A6E434B0}.Debug|Any CPU.ActiveCfg = Debug|Any CPU
		{F4EDAA5E-6DB9-4050-B1F0-2717A6E434B0}.Debug|Any CPU.Build.0 = Debug|Any CPU
		{F4EDAA5E-6DB9-4050-B1F0-2717A6E434B0}.Release|Any CPU.ActiveCfg = Release|Any CPU
		{F4EDAA5E-6DB9-4050-B1F0-2717A6E434B0}.Release|Any CPU.Build.0 = Release|Any CPU
		{58A00043-CE65-40E9-AFF8-3BF5BB72E77B}.Debug|Any CPU.ActiveCfg = Debug|Any CPU
		{58A00043-CE65-40E9-AFF8-3BF5BB72E77B}.Debug|Any CPU.Build.0 = Debug|Any CPU
		{58A00043-CE65-40E9-AFF8-3BF5BB72E77B}.Release|Any CPU.ActiveCfg = Release|Any CPU
		{58A00043-CE65-40E9-AFF8-3BF5BB72E77B}.Release|Any CPU.Build.0 = Release|Any CPU
		{5C71ACBB-5E86-4732-B400-F72EAE327803}.Debug|Any CPU.ActiveCfg = Debug|Any CPU
		{5C71ACBB-5E86-4732-B400-F72EAE327803}.Debug|Any CPU.Build.0 = Debug|Any CPU
		{5C71ACBB-5E86-4732-B400-F72EAE327803}.Release|Any CPU.ActiveCfg = Release|Any CPU
		{5C71ACBB-5E86-4732-B400-F72EAE327803}.Release|Any CPU.Build.0 = Release|Any CPU
	EndGlobalSection
	GlobalSection(SolutionProperties) = preSolution
		HideSolutionNode = FALSE
	EndGlobalSection
	GlobalSection(NestedProjects) = preSolution
		{F40AB570-62EA-4BF0-A05E-23091995BCDC} = {366BDFA7-CCBB-4E4D-9648-2E78E29ED097}
		{A08D94DC-56CA-4F79-B0CB-820A5EA50FFC} = {F40AB570-62EA-4BF0-A05E-23091995BCDC}
		{554C64D0-B9BA-4E7E-A061-5876E47991B6} = {F40AB570-62EA-4BF0-A05E-23091995BCDC}
		{2C098CFB-73FE-49AE-8AB3-B13B96A05E9A} = {F40AB570-62EA-4BF0-A05E-23091995BCDC}
		{51254DE6-B9F5-4F7C-9F52-CE474D138580} = {366BDFA7-CCBB-4E4D-9648-2E78E29ED097}
		{D8B1821B-E2E5-4A5E-AE45-D40B7C569DFF} = {51254DE6-B9F5-4F7C-9F52-CE474D138580}
		{E800C00E-F982-4B2D-99F2-D5C5EFA70004} = {366BDFA7-CCBB-4E4D-9648-2E78E29ED097}
		{AD469B02-C340-4711-837C-09BFEDD0219B} = {F9B59EAB-8FFB-40A6-8BA5-4BBB9DBF18BF}
		{F9B59EAB-8FFB-40A6-8BA5-4BBB9DBF18BF} = {E800C00E-F982-4B2D-99F2-D5C5EFA70004}
		{1D0A06D7-2BC5-448D-89AE-9A90576335B7} = {E800C00E-F982-4B2D-99F2-D5C5EFA70004}
		{3FE9A973-8930-4943-BEAE-347623A3F7E9} = {1D0A06D7-2BC5-448D-89AE-9A90576335B7}
		{FC387AAF-43B5-4812-A87B-05A6782112B0} = {C30C84B7-7FC1-40F4-8596-175A67DE2E16}
		{C30C84B7-7FC1-40F4-8596-175A67DE2E16} = {C2BCD67F-EAC7-4901-AE15-121974432A35}
		{377FF412-3B7C-4765-B6D8-7DA5B51CFBC1} = {3BE0A778-1451-4A60-93B8-3062CC0922E1}
		{2F7619A9-B96E-4A55-8E50-50917C6EE7EF} = {377FF412-3B7C-4765-B6D8-7DA5B51CFBC1}
		{A08FB0F5-E48E-4546-B37E-D6F677A0AED1} = {377FF412-3B7C-4765-B6D8-7DA5B51CFBC1}
		{C9A129C3-B883-4471-996E-9E3415E1CAF6} = {1944646F-07E9-4C27-966A-421B590EA774}
		{F13277C4-A127-4106-AB46-4B0FA4E1A0D8} = {C9A129C3-B883-4471-996E-9E3415E1CAF6}
		{3C1F4BDC-2E97-47E0-848C-903223BBED8B} = {C9A129C3-B883-4471-996E-9E3415E1CAF6}
		{4934DBC0-BC69-4A20-A2AE-46B3C3D7652E} = {9F365364-5442-44C0-B300-F05AF53B0BF4}
		{BA3F1987-5BE8-4062-A7F0-B637B666F7E7} = {9F365364-5442-44C0-B300-F05AF53B0BF4}
		{84B16015-3BA6-4561-BAD6-62E011C9C7F8} = {9F365364-5442-44C0-B300-F05AF53B0BF4}
		{7572A301-2978-41D3-9555-FD22CD3656FA} = {84B16015-3BA6-4561-BAD6-62E011C9C7F8}
		{C8112F0F-E052-4A29-BD9D-1925852DFEE2} = {84B16015-3BA6-4561-BAD6-62E011C9C7F8}
		{270884B3-CD4B-421D-91F9-4ED472F410A0} = {84B16015-3BA6-4561-BAD6-62E011C9C7F8}
		{1F8708C7-3D56-4570-8CA7-13F340E4E130} = {9F365364-5442-44C0-B300-F05AF53B0BF4}
		{21D2C0F5-9EA7-44BA-A152-AB0993957E53} = {1F8708C7-3D56-4570-8CA7-13F340E4E130}
		{92F62785-A37B-44C3-85E1-E7086E4136F0} = {1F8708C7-3D56-4570-8CA7-13F340E4E130}
		{F4EDAA5E-6DB9-4050-B1F0-2717A6E434B0} = {1F8708C7-3D56-4570-8CA7-13F340E4E130}
		{58A00043-CE65-40E9-AFF8-3BF5BB72E77B} = {1F8708C7-3D56-4570-8CA7-13F340E4E130}
		{5C71ACBB-5E86-4732-B400-F72EAE327803} = {1F8708C7-3D56-4570-8CA7-13F340E4E130}
	EndGlobalSection
	GlobalSection(ExtensibilityGlobals) = postSolution
		SolutionGuid = {4F74D67E-49E3-40C4-8D48-1F3379E8291F}
	EndGlobalSection
EndGlobal
